
Microsoft Visual Studio Solution File, Format Version 12.00
# Visual Studio Version 16
VisualStudioVersion = 16.0.31129.286
MinimumVisualStudioVersion = 10.0.40219.1
Project("{2150E333-8FDC-42A3-9474-1A3956D46DE8}") = "src", "src", "{7C70E031-D02E-431C-84F8-6A5AA3ED3B1A}"
EndProject
Project("{2150E333-8FDC-42A3-9474-1A3956D46DE8}") = "test", "test", "{B23D888D-5540-4ED1-80EA-348C92153F3D}"
EndProject
Project("{2150E333-8FDC-42A3-9474-1A3956D46DE8}") = "Services", "Services", "{316043BF-A13C-498E-BBA1-996E3909B087}"
EndProject
Project("{2150E333-8FDC-42A3-9474-1A3956D46DE8}") = "Web Apps", "Web Apps", "{1051BCDB-40F8-4A86-859C-A671B5AEC973}"
EndProject
Project("{2150E333-8FDC-42A3-9474-1A3956D46DE8}") = "Services", "Services", "{8AA839A5-C3EC-4B6D-96FD-E9BFF7A7F67F}"
EndProject
Project("{2150E333-8FDC-42A3-9474-1A3956D46DE8}") = "Building Blocks", "Building Blocks", "{8B908C77-DC38-4C9A-806E-1DB5A0E6FD3D}"
EndProject
Project("{2150E333-8FDC-42A3-9474-1A3956D46DE8}") = "Web Apps", "Web Apps", "{D34F5DE9-49DE-47D4-A383-7F3B671FF038}"
EndProject
Project("{2150E333-8FDC-42A3-9474-1A3956D46DE8}") = "Api Gateways", "Api Gateways", "{5AB91456-9615-461F-A33C-8F67806466CC}"
EndProject
Project("{2150E333-8FDC-42A3-9474-1A3956D46DE8}") = "Token", "Token", "{AEA011EB-ED1E-4E1B-BE78-0669F36CDCA8}"
EndProject
Project("{9A19103F-16F7-4668-BE54-9A1E7A4F7556}") = "Token.Grpc", "src\Services\Token\Token.Grpc\Token.Grpc.csproj", "{0141167B-4FDC-400F-B247-03820F7CF339}"
EndProject
Project("{2150E333-8FDC-42A3-9474-1A3956D46DE8}") = "Token", "Token", "{65CB00B9-C304-4618-B539-71C6318A259D}"
EndProject
Project("{2150E333-8FDC-42A3-9474-1A3956D46DE8}") = "EmailSender", "EmailSender", "{02502E69-6EC9-41BC-84F5-4D66BAA4A888}"
EndProject
Project("{9A19103F-16F7-4668-BE54-9A1E7A4F7556}") = "EmailSender.API", "src\Services\EmailSender.API\EmailSender.API.csproj", "{743FC790-08B0-45FF-9D5E-7178A11A2B6E}"
EndProject
Project("{E53339B2-1760-4266-BCC7-CA923CBCF16C}") = "docker-compose", "docker-compose.dcproj", "{460771F7-6D28-4D70-844E-5F742A6CF1C3}"
EndProject
Project("{FAE04EC0-301F-11D3-BF4B-00C04F79EFBC}") = "Queue", "src\Building Blocks\Queue\Queue.csproj", "{BAFE45F2-C78C-470F-A58D-E329F05A9E41}"
EndProject
Project("{2150E333-8FDC-42A3-9474-1A3956D46DE8}") = "EmailSender", "EmailSender", "{C3B9A599-ECD6-4AF2-AA75-5DD1DAF30527}"
EndProject
Project("{FAE04EC0-301F-11D3-BF4B-00C04F79EFBC}") = "EmailSender.UnitTests", "test\Services\EmailSender\EmailSender.UnitTests\EmailSender.UnitTests.csproj", "{7CA4D5ED-0331-41D9-8B1C-80D3A7B0702D}"
EndProject
Global
	GlobalSection(SolutionConfigurationPlatforms) = preSolution
		Debug|Any CPU = Debug|Any CPU
		Release|Any CPU = Release|Any CPU
	EndGlobalSection
	GlobalSection(ProjectConfigurationPlatforms) = postSolution
		{0141167B-4FDC-400F-B247-03820F7CF339}.Debug|Any CPU.ActiveCfg = Debug|Any CPU
		{0141167B-4FDC-400F-B247-03820F7CF339}.Debug|Any CPU.Build.0 = Debug|Any CPU
		{0141167B-4FDC-400F-B247-03820F7CF339}.Release|Any CPU.ActiveCfg = Release|Any CPU
		{0141167B-4FDC-400F-B247-03820F7CF339}.Release|Any CPU.Build.0 = Release|Any CPU
		{743FC790-08B0-45FF-9D5E-7178A11A2B6E}.Debug|Any CPU.ActiveCfg = Debug|Any CPU
		{743FC790-08B0-45FF-9D5E-7178A11A2B6E}.Debug|Any CPU.Build.0 = Debug|Any CPU
		{743FC790-08B0-45FF-9D5E-7178A11A2B6E}.Release|Any CPU.ActiveCfg = Release|Any CPU
		{743FC790-08B0-45FF-9D5E-7178A11A2B6E}.Release|Any CPU.Build.0 = Release|Any CPU
		{460771F7-6D28-4D70-844E-5F742A6CF1C3}.Debug|Any CPU.ActiveCfg = Debug|Any CPU
		{460771F7-6D28-4D70-844E-5F742A6CF1C3}.Debug|Any CPU.Build.0 = Debug|Any CPU
		{460771F7-6D28-4D70-844E-5F742A6CF1C3}.Release|Any CPU.ActiveCfg = Release|Any CPU
		{460771F7-6D28-4D70-844E-5F742A6CF1C3}.Release|Any CPU.Build.0 = Release|Any CPU
		{BAFE45F2-C78C-470F-A58D-E329F05A9E41}.Debug|Any CPU.ActiveCfg = Debug|Any CPU
		{BAFE45F2-C78C-470F-A58D-E329F05A9E41}.Debug|Any CPU.Build.0 = Debug|Any CPU
		{BAFE45F2-C78C-470F-A58D-E329F05A9E41}.Release|Any CPU.ActiveCfg = Release|Any CPU
		{BAFE45F2-C78C-470F-A58D-E329F05A9E41}.Release|Any CPU.Build.0 = Release|Any CPU
		{7CA4D5ED-0331-41D9-8B1C-80D3A7B0702D}.Debug|Any CPU.ActiveCfg = Debug|Any CPU
		{7CA4D5ED-0331-41D9-8B1C-80D3A7B0702D}.Debug|Any CPU.Build.0 = Debug|Any CPU
		{7CA4D5ED-0331-41D9-8B1C-80D3A7B0702D}.Release|Any CPU.ActiveCfg = Release|Any CPU
		{7CA4D5ED-0331-41D9-8B1C-80D3A7B0702D}.Release|Any CPU.Build.0 = Release|Any CPU
	EndGlobalSection
	GlobalSection(SolutionProperties) = preSolution
		HideSolutionNode = FALSE
	EndGlobalSection
	GlobalSection(NestedProjects) = preSolution
		{316043BF-A13C-498E-BBA1-996E3909B087} = {B23D888D-5540-4ED1-80EA-348C92153F3D}
		{1051BCDB-40F8-4A86-859C-A671B5AEC973} = {B23D888D-5540-4ED1-80EA-348C92153F3D}
		{8AA839A5-C3EC-4B6D-96FD-E9BFF7A7F67F} = {7C70E031-D02E-431C-84F8-6A5AA3ED3B1A}
		{8B908C77-DC38-4C9A-806E-1DB5A0E6FD3D} = {7C70E031-D02E-431C-84F8-6A5AA3ED3B1A}
		{D34F5DE9-49DE-47D4-A383-7F3B671FF038} = {7C70E031-D02E-431C-84F8-6A5AA3ED3B1A}
		{5AB91456-9615-461F-A33C-8F67806466CC} = {7C70E031-D02E-431C-84F8-6A5AA3ED3B1A}
		{AEA011EB-ED1E-4E1B-BE78-0669F36CDCA8} = {8AA839A5-C3EC-4B6D-96FD-E9BFF7A7F67F}
		{0141167B-4FDC-400F-B247-03820F7CF339} = {AEA011EB-ED1E-4E1B-BE78-0669F36CDCA8}
		{65CB00B9-C304-4618-B539-71C6318A259D} = {316043BF-A13C-498E-BBA1-996E3909B087}
		{02502E69-6EC9-41BC-84F5-4D66BAA4A888} = {8AA839A5-C3EC-4B6D-96FD-E9BFF7A7F67F}
		{743FC790-08B0-45FF-9D5E-7178A11A2B6E} = {02502E69-6EC9-41BC-84F5-4D66BAA4A888}
		{BAFE45F2-C78C-470F-A58D-E329F05A9E41} = {8B908C77-DC38-4C9A-806E-1DB5A0E6FD3D}
		{C3B9A599-ECD6-4AF2-AA75-5DD1DAF30527} = {316043BF-A13C-498E-BBA1-996E3909B087}
		{7CA4D5ED-0331-41D9-8B1C-80D3A7B0702D} = {C3B9A599-ECD6-4AF2-AA75-5DD1DAF30527}
	EndGlobalSection
	GlobalSection(ExtensibilityGlobals) = postSolution
		SolutionGuid = {2F8AAD22-66BC-4279-B345-BEFC7D01FE5E}
	EndGlobalSection
EndGlobal
