
Microsoft Visual Studio Solution File, Format Version 12.00
# Visual Studio Version 16
VisualStudioVersion = 16.0.31129.286
MinimumVisualStudioVersion = 10.0.40219.1
Project("{2150E333-8FDC-42A3-9474-1A3956D46DE8}") = "src", "src", "{7C70E031-D02E-431C-84F8-6A5AA3ED3B1A}"
EndProject
Project("{2150E333-8FDC-42A3-9474-1A3956D46DE8}") = "test", "test", "{B23D888D-5540-4ED1-80EA-348C92153F3D}"
EndProject
Project("{2150E333-8FDC-42A3-9474-1A3956D46DE8}") = "Services", "Services", "{316043BF-A13C-498E-BBA1-996E3909B087}"
EndProject
Project("{2150E333-8FDC-42A3-9474-1A3956D46DE8}") = "Web Apps", "Web Apps", "{1051BCDB-40F8-4A86-859C-A671B5AEC973}"
EndProject
Project("{2150E333-8FDC-42A3-9474-1A3956D46DE8}") = "Services", "Services", "{8AA839A5-C3EC-4B6D-96FD-E9BFF7A7F67F}"
EndProject
Project("{2150E333-8FDC-42A3-9474-1A3956D46DE8}") = "Building Blocks", "Building Blocks", "{8B908C77-DC38-4C9A-806E-1DB5A0E6FD3D}"
EndProject
Project("{2150E333-8FDC-42A3-9474-1A3956D46DE8}") = "Web Apps", "Web Apps", "{D34F5DE9-49DE-47D4-A383-7F3B671FF038}"
EndProject
Project("{2150E333-8FDC-42A3-9474-1A3956D46DE8}") = "Api Gateways", "Api Gateways", "{5AB91456-9615-461F-A33C-8F67806466CC}"
EndProject
Project("{2150E333-8FDC-42A3-9474-1A3956D46DE8}") = "Token", "Token", "{AEA011EB-ED1E-4E1B-BE78-0669F36CDCA8}"
EndProject
Project("{FAE04EC0-301F-11D3-BF4B-00C04F79EFBC}") = "Token.Grpc", "src\Services\Token\Token.Grpc\Token.Grpc.csproj", "{0141167B-4FDC-400F-B247-03820F7CF339}"
EndProject
Project("{2150E333-8FDC-42A3-9474-1A3956D46DE8}") = "Token", "Token", "{65CB00B9-C304-4618-B539-71C6318A259D}"
EndProject
Global
	GlobalSection(SolutionConfigurationPlatforms) = preSolution
		Debug|Any CPU = Debug|Any CPU
		Release|Any CPU = Release|Any CPU
	EndGlobalSection
	GlobalSection(ProjectConfigurationPlatforms) = postSolution
		{0141167B-4FDC-400F-B247-03820F7CF339}.Debug|Any CPU.ActiveCfg = Debug|Any CPU
		{0141167B-4FDC-400F-B247-03820F7CF339}.Debug|Any CPU.Build.0 = Debug|Any CPU
		{0141167B-4FDC-400F-B247-03820F7CF339}.Release|Any CPU.ActiveCfg = Release|Any CPU
		{0141167B-4FDC-400F-B247-03820F7CF339}.Release|Any CPU.Build.0 = Release|Any CPU
	EndGlobalSection
	GlobalSection(SolutionProperties) = preSolution
		HideSolutionNode = FALSE
	EndGlobalSection
	GlobalSection(NestedProjects) = preSolution
		{316043BF-A13C-498E-BBA1-996E3909B087} = {B23D888D-5540-4ED1-80EA-348C92153F3D}
		{1051BCDB-40F8-4A86-859C-A671B5AEC973} = {B23D888D-5540-4ED1-80EA-348C92153F3D}
		{8AA839A5-C3EC-4B6D-96FD-E9BFF7A7F67F} = {7C70E031-D02E-431C-84F8-6A5AA3ED3B1A}
		{8B908C77-DC38-4C9A-806E-1DB5A0E6FD3D} = {7C70E031-D02E-431C-84F8-6A5AA3ED3B1A}
		{D34F5DE9-49DE-47D4-A383-7F3B671FF038} = {7C70E031-D02E-431C-84F8-6A5AA3ED3B1A}
		{5AB91456-9615-461F-A33C-8F67806466CC} = {7C70E031-D02E-431C-84F8-6A5AA3ED3B1A}
		{AEA011EB-ED1E-4E1B-BE78-0669F36CDCA8} = {8AA839A5-C3EC-4B6D-96FD-E9BFF7A7F67F}
		{0141167B-4FDC-400F-B247-03820F7CF339} = {AEA011EB-ED1E-4E1B-BE78-0669F36CDCA8}
		{65CB00B9-C304-4618-B539-71C6318A259D} = {316043BF-A13C-498E-BBA1-996E3909B087}
	EndGlobalSection
	GlobalSection(ExtensibilityGlobals) = postSolution
		SolutionGuid = {2F8AAD22-66BC-4279-B345-BEFC7D01FE5E}
	EndGlobalSection
EndGlobal
